{
  "name": "universal-mask",
  "version": "0.0.2",
  "lockfileVersion": 3,
  "requires": true,
  "packages": {
    "": {
      "name": "universal-mask",
      "version": "0.0.2",
      "license": "“MIT”",
      "dependencies": {
        "universal-mask": "^0.0.2"
      }
    },
    "node_modules/universal-mask": {
      "version": "0.0.2",
      "resolved": "https://registry.npmjs.org/universal-mask/-/universal-mask-0.0.2.tgz",
      "integrity": "sha512-zUWujHpVw+kTxZIyHbZkWnJQO+1mdsd0yILsu17kIKoehnd1VZAwkFq6mA2bn2fuPjuyLYY3AzI/IuRLJLMcrw=="
    }
  }
}
